// !$*UTF8*$!
{
	archiveVersion = 1;
	classes = {
	};
	objectVersion = 56;
	objects = {

/* Begin PBXBuildFile section */
		2E0C00EB290032C60018B8D3 /* WeatherModel.swift in Sources */ = {isa = PBXBuildFile; fileRef = 2E0C00EA290032C60018B8D3 /* WeatherModel.swift */; };
		2E4994082905678E0067D443 /* FlagKit in Frameworks */ = {isa = PBXBuildFile; productRef = 2E4994072905678E0067D443 /* FlagKit */; };
		2E7F8E51290D833E006BB4C4 /* Country.swift in Sources */ = {isa = PBXBuildFile; fileRef = 2E7F8E50290D833E006BB4C4 /* Country.swift */; };
		2E7F8E53290D8757006BB4C4 /* Constants.swift in Sources */ = {isa = PBXBuildFile; fileRef = 2E7F8E52290D8757006BB4C4 /* Constants.swift */; };
		2E8890C2290D3A5800F44459 /* CountryCodeViewController.swift in Sources */ = {isa = PBXBuildFile; fileRef = 2E8890C1290D3A5800F44459 /* CountryCodeViewController.swift */; };
		2EAC53772900360F0006506F /* WeatherData.swift in Sources */ = {isa = PBXBuildFile; fileRef = 2EAC53762900360F0006506F /* WeatherData.swift */; };
		2ED7D7F029001F8000634C4B /* AppDelegate.swift in Sources */ = {isa = PBXBuildFile; fileRef = 2ED7D7EF29001F8000634C4B /* AppDelegate.swift */; };
		2ED7D7F229001F8000634C4B /* SceneDelegate.swift in Sources */ = {isa = PBXBuildFile; fileRef = 2ED7D7F129001F8000634C4B /* SceneDelegate.swift */; };
		2ED7D7F429001F8000634C4B /* WeatherViewController.swift in Sources */ = {isa = PBXBuildFile; fileRef = 2ED7D7F329001F8000634C4B /* WeatherViewController.swift */; };
		2ED7D7F729001F8000634C4B /* Main.storyboard in Resources */ = {isa = PBXBuildFile; fileRef = 2ED7D7F529001F8000634C4B /* Main.storyboard */; };
		2ED7D7F929001F8200634C4B /* Assets.xcassets in Resources */ = {isa = PBXBuildFile; fileRef = 2ED7D7F829001F8200634C4B /* Assets.xcassets */; };
		2ED7D7FC29001F8200634C4B /* LaunchScreen.storyboard in Resources */ = {isa = PBXBuildFile; fileRef = 2ED7D7FA29001F8200634C4B /* LaunchScreen.storyboard */; };
		2EE3E4AB290031FF008D57FA /* WeatherManager.swift in Sources */ = {isa = PBXBuildFile; fileRef = 2EE3E4AA290031FF008D57FA /* WeatherManager.swift */; };
/* End PBXBuildFile section */

/* Begin PBXFileReference section */
		2E0C00EA290032C60018B8D3 /* WeatherModel.swift */ = {isa = PBXFileReference; lastKnownFileType = sourcecode.swift; path = WeatherModel.swift; sourceTree = "<group>"; };
		2E7F8E50290D833E006BB4C4 /* Country.swift */ = {isa = PBXFileReference; lastKnownFileType = sourcecode.swift; path = Country.swift; sourceTree = "<group>"; };
		2E7F8E52290D8757006BB4C4 /* Constants.swift */ = {isa = PBXFileReference; lastKnownFileType = sourcecode.swift; path = Constants.swift; sourceTree = "<group>"; };
		2E8890C1290D3A5800F44459 /* CountryCodeViewController.swift */ = {isa = PBXFileReference; lastKnownFileType = sourcecode.swift; path = CountryCodeViewController.swift; sourceTree = "<group>"; };
		2EAC53762900360F0006506F /* WeatherData.swift */ = {isa = PBXFileReference; lastKnownFileType = sourcecode.swift; path = WeatherData.swift; sourceTree = "<group>"; };
		2ED7D7EC29001F8000634C4B /* Dual Temp.app */ = {isa = PBXFileReference; explicitFileType = wrapper.application; includeInIndex = 0; path = "Dual Temp.app"; sourceTree = BUILT_PRODUCTS_DIR; };
		2ED7D7EF29001F8000634C4B /* AppDelegate.swift */ = {isa = PBXFileReference; lastKnownFileType = sourcecode.swift; path = AppDelegate.swift; sourceTree = "<group>"; };
		2ED7D7F129001F8000634C4B /* SceneDelegate.swift */ = {isa = PBXFileReference; lastKnownFileType = sourcecode.swift; path = SceneDelegate.swift; sourceTree = "<group>"; };
		2ED7D7F329001F8000634C4B /* WeatherViewController.swift */ = {isa = PBXFileReference; lastKnownFileType = sourcecode.swift; path = WeatherViewController.swift; sourceTree = "<group>"; };
		2ED7D7F629001F8000634C4B /* Base */ = {isa = PBXFileReference; lastKnownFileType = file.storyboard; name = Base; path = Base.lproj/Main.storyboard; sourceTree = "<group>"; };
		2ED7D7F829001F8200634C4B /* Assets.xcassets */ = {isa = PBXFileReference; lastKnownFileType = folder.assetcatalog; path = Assets.xcassets; sourceTree = "<group>"; };
		2ED7D7FB29001F8200634C4B /* Base */ = {isa = PBXFileReference; lastKnownFileType = file.storyboard; name = Base; path = Base.lproj/LaunchScreen.storyboard; sourceTree = "<group>"; };
		2ED7D7FD29001F8200634C4B /* Info.plist */ = {isa = PBXFileReference; lastKnownFileType = text.plist.xml; path = Info.plist; sourceTree = "<group>"; };
		2EE3E4AA290031FF008D57FA /* WeatherManager.swift */ = {isa = PBXFileReference; lastKnownFileType = sourcecode.swift; path = WeatherManager.swift; sourceTree = "<group>"; };
/* End PBXFileReference section */

/* Begin PBXFrameworksBuildPhase section */
		2ED7D7E929001F7F00634C4B /* Frameworks */ = {
			isa = PBXFrameworksBuildPhase;
			buildActionMask = 2147483647;
			files = (
				2E4994082905678E0067D443 /* FlagKit in Frameworks */,
			);
			runOnlyForDeploymentPostprocessing = 0;
		};
/* End PBXFrameworksBuildPhase section */

/* Begin PBXGroup section */
		2ED7D7E329001F7F00634C4B = {
			isa = PBXGroup;
			children = (
				2ED7D7EE29001F8000634C4B /* Dual Temp */,
				2ED7D7ED29001F8000634C4B /* Products */,
			);
			sourceTree = "<group>";
		};
		2ED7D7ED29001F8000634C4B /* Products */ = {
			isa = PBXGroup;
			children = (
				2ED7D7EC29001F8000634C4B /* Dual Temp.app */,
			);
			name = Products;
			sourceTree = "<group>";
		};
		2ED7D7EE29001F8000634C4B /* Dual Temp */ = {
			isa = PBXGroup;
			children = (
				2ED7D7EF29001F8000634C4B /* AppDelegate.swift */,
				2ED7D7F129001F8000634C4B /* SceneDelegate.swift */,
				2EE3E4AC29003212008D57FA /* Models */,
				2EE3E4A8290031EE008D57FA /* Controllers */,
				2EE3E4A9290031F3008D57FA /* View */,
				2E7F8E52290D8757006BB4C4 /* Constants.swift */,
				2ED7D7F829001F8200634C4B /* Assets.xcassets */,
				2ED7D7FA29001F8200634C4B /* LaunchScreen.storyboard */,
				2ED7D7FD29001F8200634C4B /* Info.plist */,
			);
			path = "Dual Temp";
			sourceTree = "<group>";
		};
		2EE3E4A8290031EE008D57FA /* Controllers */ = {
			isa = PBXGroup;
			children = (
				2ED7D7F329001F8000634C4B /* WeatherViewController.swift */,
				2E8890C1290D3A5800F44459 /* CountryCodeViewController.swift */,
			);
			path = Controllers;
			sourceTree = "<group>";
		};
		2EE3E4A9290031F3008D57FA /* View */ = {
			isa = PBXGroup;
			children = (
				2ED7D7F529001F8000634C4B /* Main.storyboard */,
			);
			path = View;
			sourceTree = "<group>";
		};
		2EE3E4AC29003212008D57FA /* Models */ = {
			isa = PBXGroup;
			children = (
				2EE3E4AA290031FF008D57FA /* WeatherManager.swift */,
				2E0C00EA290032C60018B8D3 /* WeatherModel.swift */,
				2EAC53762900360F0006506F /* WeatherData.swift */,
				2E7F8E50290D833E006BB4C4 /* Country.swift */,
			);
			path = Models;
			sourceTree = "<group>";
		};
/* End PBXGroup section */

/* Begin PBXNativeTarget section */
		2ED7D7EB29001F7F00634C4B /* Dual Temp */ = {
			isa = PBXNativeTarget;
			buildConfigurationList = 2ED7D80029001F8200634C4B /* Build configuration list for PBXNativeTarget "Dual Temp" */;
			buildPhases = (
				2ED7D7E829001F7F00634C4B /* Sources */,
				2ED7D7E929001F7F00634C4B /* Frameworks */,
				2ED7D7EA29001F7F00634C4B /* Resources */,
			);
			buildRules = (
			);
			dependencies = (
			);
			name = "Dual Temp";
			packageProductDependencies = (
				2E4994072905678E0067D443 /* FlagKit */,
			);
			productName = "Dual Temp";
			productReference = 2ED7D7EC29001F8000634C4B /* Dual Temp.app */;
			productType = "com.apple.product-type.application";
		};
/* End PBXNativeTarget section */

/* Begin PBXProject section */
		2ED7D7E429001F7F00634C4B /* Project object */ = {
			isa = PBXProject;
			attributes = {
				BuildIndependentTargetsInParallel = 1;
				LastSwiftUpdateCheck = 1400;
				LastUpgradeCheck = 1400;
				TargetAttributes = {
					2ED7D7EB29001F7F00634C4B = {
						CreatedOnToolsVersion = 14.0.1;
					};
				};
			};
			buildConfigurationList = 2ED7D7E729001F7F00634C4B /* Build configuration list for PBXProject "Dual Temp" */;
			compatibilityVersion = "Xcode 14.0";
			developmentRegion = en;
			hasScannedForEncodings = 0;
			knownRegions = (
				en,
				Base,
			);
			mainGroup = 2ED7D7E329001F7F00634C4B;
			packageReferences = (
				2E4994062905678E0067D443 /* XCRemoteSwiftPackageReference "FlagKit" */,
			);
			productRefGroup = 2ED7D7ED29001F8000634C4B /* Products */;
			projectDirPath = "";
			projectRoot = "";
			targets = (
				2ED7D7EB29001F7F00634C4B /* Dual Temp */,
			);
		};
/* End PBXProject section */

/* Begin PBXResourcesBuildPhase section */
		2ED7D7EA29001F7F00634C4B /* Resources */ = {
			isa = PBXResourcesBuildPhase;
			buildActionMask = 2147483647;
			files = (
				2ED7D7FC29001F8200634C4B /* LaunchScreen.storyboard in Resources */,
				2ED7D7F929001F8200634C4B /* Assets.xcassets in Resources */,
				2ED7D7F729001F8000634C4B /* Main.storyboard in Resources */,
			);
			runOnlyForDeploymentPostprocessing = 0;
		};
/* End PBXResourcesBuildPhase section */

/* Begin PBXSourcesBuildPhase section */
		2ED7D7E829001F7F00634C4B /* Sources */ = {
			isa = PBXSourcesBuildPhase;
			buildActionMask = 2147483647;
			files = (
				2ED7D7F429001F8000634C4B /* WeatherViewController.swift in Sources */,
				2ED7D7F029001F8000634C4B /* AppDelegate.swift in Sources */,
				2EE3E4AB290031FF008D57FA /* WeatherManager.swift in Sources */,
				2ED7D7F229001F8000634C4B /* SceneDelegate.swift in Sources */,
				2E7F8E51290D833E006BB4C4 /* Country.swift in Sources */,
				2EAC53772900360F0006506F /* WeatherData.swift in Sources */,
				2E0C00EB290032C60018B8D3 /* WeatherModel.swift in Sources */,
				2E8890C2290D3A5800F44459 /* CountryCodeViewController.swift in Sources */,
				2E7F8E53290D8757006BB4C4 /* Constants.swift in Sources */,
			);
			runOnlyForDeploymentPostprocessing = 0;
		};
/* End PBXSourcesBuildPhase section */

/* Begin PBXVariantGroup section */
		2ED7D7F529001F8000634C4B /* Main.storyboard */ = {
			isa = PBXVariantGroup;
			children = (
				2ED7D7F629001F8000634C4B /* Base */,
			);
			name = Main.storyboard;
			sourceTree = "<group>";
		};
		2ED7D7FA29001F8200634C4B /* LaunchScreen.storyboard */ = {
			isa = PBXVariantGroup;
			children = (
				2ED7D7FB29001F8200634C4B /* Base */,
			);
			name = LaunchScreen.storyboard;
			sourceTree = "<group>";
		};
/* End PBXVariantGroup section */

/* Begin XCBuildConfiguration section */
		2ED7D7FE29001F8200634C4B /* Debug */ = {
			isa = XCBuildConfiguration;
			buildSettings = {
				ALWAYS_SEARCH_USER_PATHS = NO;
				CLANG_ANALYZER_NONNULL = YES;
				CLANG_ANALYZER_NUMBER_OBJECT_CONVERSION = YES_AGGRESSIVE;
				CLANG_CXX_LANGUAGE_STANDARD = "gnu++20";
				CLANG_ENABLE_MODULES = YES;
				CLANG_ENABLE_OBJC_ARC = YES;
				CLANG_ENABLE_OBJC_WEAK = YES;
				CLANG_WARN_BLOCK_CAPTURE_AUTORELEASING = YES;
				CLANG_WARN_BOOL_CONVERSION = YES;
				CLANG_WARN_COMMA = YES;
				CLANG_WARN_CONSTANT_CONVERSION = YES;
				CLANG_WARN_DEPRECATED_OBJC_IMPLEMENTATIONS = YES;
				CLANG_WARN_DIRECT_OBJC_ISA_USAGE = YES_ERROR;
				CLANG_WARN_DOCUMENTATION_COMMENTS = YES;
				CLANG_WARN_EMPTY_BODY = YES;
				CLANG_WARN_ENUM_CONVERSION = YES;
				CLANG_WARN_INFINITE_RECURSION = YES;
				CLANG_WARN_INT_CONVERSION = YES;
				CLANG_WARN_NON_LITERAL_NULL_CONVERSION = YES;
				CLANG_WARN_OBJC_IMPLICIT_RETAIN_SELF = YES;
				CLANG_WARN_OBJC_LITERAL_CONVERSION = YES;
				CLANG_WARN_OBJC_ROOT_CLASS = YES_ERROR;
				CLANG_WARN_QUOTED_INCLUDE_IN_FRAMEWORK_HEADER = YES;
				CLANG_WARN_RANGE_LOOP_ANALYSIS = YES;
				CLANG_WARN_STRICT_PROTOTYPES = YES;
				CLANG_WARN_SUSPICIOUS_MOVE = YES;
				CLANG_WARN_UNGUARDED_AVAILABILITY = YES_AGGRESSIVE;
				CLANG_WARN_UNREACHABLE_CODE = YES;
				CLANG_WARN__DUPLICATE_METHOD_MATCH = YES;
				COPY_PHASE_STRIP = NO;
				DEBUG_INFORMATION_FORMAT = dwarf;
				ENABLE_STRICT_OBJC_MSGSEND = YES;
				ENABLE_TESTABILITY = YES;
				GCC_C_LANGUAGE_STANDARD = gnu11;
				GCC_DYNAMIC_NO_PIC = NO;
				GCC_NO_COMMON_BLOCKS = YES;
				GCC_OPTIMIZATION_LEVEL = 0;
				GCC_PREPROCESSOR_DEFINITIONS = (
					"DEBUG=1",
					"$(inherited)",
				);
				GCC_WARN_64_TO_32_BIT_CONVERSION = YES;
				GCC_WARN_ABOUT_RETURN_TYPE = YES_ERROR;
				GCC_WARN_UNDECLARED_SELECTOR = YES;
				GCC_WARN_UNINITIALIZED_AUTOS = YES_AGGRESSIVE;
				GCC_WARN_UNUSED_FUNCTION = YES;
				GCC_WARN_UNUSED_VARIABLE = YES;
				IPHONEOS_DEPLOYMENT_TARGET = 16.0;
				MTL_ENABLE_DEBUG_INFO = INCLUDE_SOURCE;
				MTL_FAST_MATH = YES;
				ONLY_ACTIVE_ARCH = YES;
				SDKROOT = iphoneos;
				SWIFT_ACTIVE_COMPILATION_CONDITIONS = DEBUG;
				SWIFT_OPTIMIZATION_LEVEL = "-Onone";
			};
			name = Debug;
		};
		2ED7D7FF29001F8200634C4B /* Release */ = {
			isa = XCBuildConfiguration;
			buildSettings = {
				ALWAYS_SEARCH_USER_PATHS = NO;
				CLANG_ANALYZER_NONNULL = YES;
				CLANG_ANALYZER_NUMBER_OBJECT_CONVERSION = YES_AGGRESSIVE;
				CLANG_CXX_LANGUAGE_STANDARD = "gnu++20";
				CLANG_ENABLE_MODULES = YES;
				CLANG_ENABLE_OBJC_ARC = YES;
				CLANG_ENABLE_OBJC_WEAK = YES;
				CLANG_WARN_BLOCK_CAPTURE_AUTORELEASING = YES;
				CLANG_WARN_BOOL_CONVERSION = YES;
				CLANG_WARN_COMMA = YES;
				CLANG_WARN_CONSTANT_CONVERSION = YES;
				CLANG_WARN_DEPRECATED_OBJC_IMPLEMENTATIONS = YES;
				CLANG_WARN_DIRECT_OBJC_ISA_USAGE = YES_ERROR;
				CLANG_WARN_DOCUMENTATION_COMMENTS = YES;
				CLANG_WARN_EMPTY_BODY = YES;
				CLANG_WARN_ENUM_CONVERSION = YES;
				CLANG_WARN_INFINITE_RECURSION = YES;
				CLANG_WARN_INT_CONVERSION = YES;
				CLANG_WARN_NON_LITERAL_NULL_CONVERSION = YES;
				CLANG_WARN_OBJC_IMPLICIT_RETAIN_SELF = YES;
				CLANG_WARN_OBJC_LITERAL_CONVERSION = YES;
				CLANG_WARN_OBJC_ROOT_CLASS = YES_ERROR;
				CLANG_WARN_QUOTED_INCLUDE_IN_FRAMEWORK_HEADER = YES;
				CLANG_WARN_RANGE_LOOP_ANALYSIS = YES;
				CLANG_WARN_STRICT_PROTOTYPES = YES;
				CLANG_WARN_SUSPICIOUS_MOVE = YES;
				CLANG_WARN_UNGUARDED_AVAILABILITY = YES_AGGRESSIVE;
				CLANG_WARN_UNREACHABLE_CODE = YES;
				CLANG_WARN__DUPLICATE_METHOD_MATCH = YES;
				COPY_PHASE_STRIP = NO;
				DEBUG_INFORMATION_FORMAT = "dwarf-with-dsym";
				ENABLE_NS_ASSERTIONS = NO;
				ENABLE_STRICT_OBJC_MSGSEND = YES;
				GCC_C_LANGUAGE_STANDARD = gnu11;
				GCC_NO_COMMON_BLOCKS = YES;
				GCC_WARN_64_TO_32_BIT_CONVERSION = YES;
				GCC_WARN_ABOUT_RETURN_TYPE = YES_ERROR;
				GCC_WARN_UNDECLARED_SELECTOR = YES;
				GCC_WARN_UNINITIALIZED_AUTOS = YES_AGGRESSIVE;
				GCC_WARN_UNUSED_FUNCTION = YES;
				GCC_WARN_UNUSED_VARIABLE = YES;
				IPHONEOS_DEPLOYMENT_TARGET = 16.0;
				MTL_ENABLE_DEBUG_INFO = NO;
				MTL_FAST_MATH = YES;
				SDKROOT = iphoneos;
				SWIFT_COMPILATION_MODE = wholemodule;
				SWIFT_OPTIMIZATION_LEVEL = "-O";
				VALIDATE_PRODUCT = YES;
			};
			name = Release;
		};
		2ED7D80129001F8200634C4B /* Debug */ = {
			isa = XCBuildConfiguration;
			buildSettings = {
				ASSETCATALOG_COMPILER_APPICON_NAME = AppIcon;
				ASSETCATALOG_COMPILER_GLOBAL_ACCENT_COLOR_NAME = AccentColor;
				CODE_SIGN_STYLE = Automatic;
				CURRENT_PROJECT_VERSION = 3;
				DEVELOPMENT_TEAM = 4224Q87F2F;
				GENERATE_INFOPLIST_FILE = YES;
				INFOPLIST_FILE = "Dual Temp/Info.plist";
				INFOPLIST_KEY_CFBundleDisplayName = "Dual Temp";
				INFOPLIST_KEY_LSApplicationCategoryType = "public.app-category.weather";
				INFOPLIST_KEY_UIApplicationSupportsIndirectInputEvents = YES;
				INFOPLIST_KEY_UILaunchStoryboardName = LaunchScreen;
				INFOPLIST_KEY_UIMainStoryboardFile = Main;
				INFOPLIST_KEY_UISupportedInterfaceOrientations = UIInterfaceOrientationPortrait;
				INFOPLIST_KEY_UISupportedInterfaceOrientations_iPad = "UIInterfaceOrientationLandscapeLeft UIInterfaceOrientationLandscapeRight UIInterfaceOrientationPortrait UIInterfaceOrientationPortraitUpsideDown";
				IPHONEOS_DEPLOYMENT_TARGET = 15.0;
				LD_RUNPATH_SEARCH_PATHS = (
					"$(inherited)",
					"@executable_path/Frameworks",
				);
				MARKETING_VERSION = 0.1.0;
				PRODUCT_BUNDLE_IDENTIFIER = "com.bengauger.Dual-Temp";
				PRODUCT_NAME = "$(TARGET_NAME)";
				SUPPORTED_PLATFORMS = "iphoneos iphonesimulator";
				SUPPORTS_MACCATALYST = NO;
				SUPPORTS_MAC_DESIGNED_FOR_IPHONE_IPAD = NO;
				SWIFT_EMIT_LOC_STRINGS = YES;
				SWIFT_VERSION = 5.0;
				TARGETED_DEVICE_FAMILY = 1;
			};
			name = Debug;
		};
		2ED7D80229001F8200634C4B /* Release */ = {
			isa = XCBuildConfiguration;
			buildSettings = {
				ASSETCATALOG_COMPILER_APPICON_NAME = AppIcon;
				ASSETCATALOG_COMPILER_GLOBAL_ACCENT_COLOR_NAME = AccentColor;
				CODE_SIGN_STYLE = Automatic;
				CURRENT_PROJECT_VERSION = 3;
				DEVELOPMENT_TEAM = 4224Q87F2F;
				GENERATE_INFOPLIST_FILE = YES;
				INFOPLIST_FILE = "Dual Temp/Info.plist";
				INFOPLIST_KEY_CFBundleDisplayName = "Dual Temp";
				INFOPLIST_KEY_LSApplicationCategoryType = "public.app-category.weather";
				INFOPLIST_KEY_UIApplicationSupportsIndirectInputEvents = YES;
				INFOPLIST_KEY_UILaunchStoryboardName = LaunchScreen;
				INFOPLIST_KEY_UIMainStoryboardFile = Main;
				INFOPLIST_KEY_UISupportedInterfaceOrientations = UIInterfaceOrientationPortrait;
				INFOPLIST_KEY_UISupportedInterfaceOrientations_iPad = "UIInterfaceOrientationLandscapeLeft UIInterfaceOrientationLandscapeRight UIInterfaceOrientationPortrait UIInterfaceOrientationPortraitUpsideDown";
				IPHONEOS_DEPLOYMENT_TARGET = 15.0;
				LD_RUNPATH_SEARCH_PATHS = (
					"$(inherited)",
					"@executable_path/Frameworks",
				);
				MARKETING_VERSION = 0.1.0;
				PRODUCT_BUNDLE_IDENTIFIER = "com.bengauger.Dual-Temp";
				PRODUCT_NAME = "$(TARGET_NAME)";
				SUPPORTED_PLATFORMS = "iphoneos iphonesimulator";
				SUPPORTS_MACCATALYST = NO;
				SUPPORTS_MAC_DESIGNED_FOR_IPHONE_IPAD = NO;
				SWIFT_EMIT_LOC_STRINGS = YES;
				SWIFT_VERSION = 5.0;
				TARGETED_DEVICE_FAMILY = 1;
			};
			name = Release;
		};
/* End XCBuildConfiguration section */

/* Begin XCConfigurationList section */
		2ED7D7E729001F7F00634C4B /* Build configuration list for PBXProject "Dual Temp" */ = {
			isa = XCConfigurationList;
			buildConfigurations = (
				2ED7D7FE29001F8200634C4B /* Debug */,
				2ED7D7FF29001F8200634C4B /* Release */,
			);
			defaultConfigurationIsVisible = 0;
			defaultConfigurationName = Release;
		};
		2ED7D80029001F8200634C4B /* Build configuration list for PBXNativeTarget "Dual Temp" */ = {
			isa = XCConfigurationList;
			buildConfigurations = (
				2ED7D80129001F8200634C4B /* Debug */,
				2ED7D80229001F8200634C4B /* Release */,
			);
			defaultConfigurationIsVisible = 0;
			defaultConfigurationName = Release;
		};
/* End XCConfigurationList section */

/* Begin XCRemoteSwiftPackageReference section */
		2E4994062905678E0067D443 /* XCRemoteSwiftPackageReference "FlagKit" */ = {
			isa = XCRemoteSwiftPackageReference;
			repositoryURL = "https://github.com/madebybowtie/FlagKit.git";
			requirement = {
				kind = upToNextMajorVersion;
				minimumVersion = 2.0.0;
			};
		};
/* End XCRemoteSwiftPackageReference section */

/* Begin XCSwiftPackageProductDependency section */
		2E4994072905678E0067D443 /* FlagKit */ = {
			isa = XCSwiftPackageProductDependency;
			package = 2E4994062905678E0067D443 /* XCRemoteSwiftPackageReference "FlagKit" */;
			productName = FlagKit;
		};
/* End XCSwiftPackageProductDependency section */
	};
	rootObject = 2ED7D7E429001F7F00634C4B /* Project object */;
}
